
Microsoft Visual Studio Solution File, Format Version 12.00
# Visual Studio Version 17
VisualStudioVersion = 17.7.34221.43
MinimumVisualStudioVersion = 10.0.40219.1
Project("{9A19103F-16F7-4668-BE54-9A1E7A4F7556}") = "SimpleProductManager.Gui", "SimpleProductManager.Gui\SimpleProductManager.Gui.csproj", "{DC43AB23-55DC-4521-B193-8608E4FED23B}"
EndProject
Project("{9A19103F-16F7-4668-BE54-9A1E7A4F7556}") = "SimpleProductManager.Services", "SimpleProductManager.Services\SimpleProductManager.Services.csproj", "{D6F3FFA4-5B91-488B-B204-9FA64FFF8200}"
EndProject
Global
	GlobalSection(SolutionConfigurationPlatforms) = preSolution
		Debug|Any CPU = Debug|Any CPU
		Release|Any CPU = Release|Any CPU
	EndGlobalSection
	GlobalSection(ProjectConfigurationPlatforms) = postSolution
		{DC43AB23-55DC-4521-B193-8608E4FED23B}.Debug|Any CPU.ActiveCfg = Debug|Any CPU
		{DC43AB23-55DC-4521-B193-8608E4FED23B}.Debug|Any CPU.Build.0 = Debug|Any CPU
		{DC43AB23-55DC-4521-B193-8608E4FED23B}.Release|Any CPU.ActiveCfg = Release|Any CPU
		{DC43AB23-55DC-4521-B193-8608E4FED23B}.Release|Any CPU.Build.0 = Release|Any CPU
		{D6F3FFA4-5B91-488B-B204-9FA64FFF8200}.Debug|Any CPU.ActiveCfg = Debug|Any CPU
		{D6F3FFA4-5B91-488B-B204-9FA64FFF8200}.Debug|Any CPU.Build.0 = Debug|Any CPU
		{D6F3FFA4-5B91-488B-B204-9FA64FFF8200}.Release|Any CPU.ActiveCfg = Release|Any CPU
		{D6F3FFA4-5B91-488B-B204-9FA64FFF8200}.Release|Any CPU.Build.0 = Release|Any CPU
	EndGlobalSection
	GlobalSection(SolutionProperties) = preSolution
		HideSolutionNode = FALSE
	EndGlobalSection
	GlobalSection(ExtensibilityGlobals) = postSolution
		SolutionGuid = {87233C6B-2145-4BDA-A8FA-3DAB621ED1F8}
	EndGlobalSection
EndGlobal
